// !$*UTF8*$!
{
	archiveVersion = 1;
	classes = {
	};
	objectVersion = 46;
	objects = {

/* Begin PBXBuildFile section */
		9E6C678B1D4FC89D00816C25 /* main.m in Sources */ = {isa = PBXBuildFile; fileRef = 9E6C678A1D4FC89D00816C25 /* main.m */; };
		9E6C678E1D4FC89D00816C25 /* AppDelegate.m in Sources */ = {isa = PBXBuildFile; fileRef = 9E6C678D1D4FC89D00816C25 /* AppDelegate.m */; };
		9E6C67911D4FC89D00816C25 /* ViewController.m in Sources */ = {isa = PBXBuildFile; fileRef = 9E6C67901D4FC89D00816C25 /* ViewController.m */; };
		9E6C67941D4FC89D00816C25 /* Main.storyboard in Resources */ = {isa = PBXBuildFile; fileRef = 9E6C67921D4FC89D00816C25 /* Main.storyboard */; };
		9E6C67961D4FC89D00816C25 /* Assets.xcassets in Resources */ = {isa = PBXBuildFile; fileRef = 9E6C67951D4FC89D00816C25 /* Assets.xcassets */; };
		9E6C67991D4FC89D00816C25 /* LaunchScreen.storyboard in Resources */ = {isa = PBXBuildFile; fileRef = 9E6C67971D4FC89D00816C25 /* LaunchScreen.storyboard */; };
		9E6C67A31D4FCA5000816C25 /* soccerball.png in Resources */ = {isa = PBXBuildFile; fileRef = 9E6C67A21D4FCA5000816C25 /* soccerball.png */; };
		9E6C67A61D50F6CA00816C25 /* Ball.m in Sources */ = {isa = PBXBuildFile; fileRef = 9E6C67A51D50F6CA00816C25 /* Ball.m */; };
/* End PBXBuildFile section */

/* Begin PBXFileReference section */
		9E6C67861D4FC89D00816C25 /* AnimationProject.app */ = {isa = PBXFileReference; explicitFileType = wrapper.application; includeInIndex = 0; path = AnimationProject.app; sourceTree = BUILT_PRODUCTS_DIR; };
		9E6C678A1D4FC89D00816C25 /* main.m */ = {isa = PBXFileReference; lastKnownFileType = sourcecode.c.objc; path = main.m; sourceTree = "<group>"; };
		9E6C678C1D4FC89D00816C25 /* AppDelegate.h */ = {isa = PBXFileReference; lastKnownFileType = sourcecode.c.h; path = AppDelegate.h; sourceTree = "<group>"; };
		9E6C678D1D4FC89D00816C25 /* AppDelegate.m */ = {isa = PBXFileReference; lastKnownFileType = sourcecode.c.objc; path = AppDelegate.m; sourceTree = "<group>"; };
		9E6C678F1D4FC89D00816C25 /* ViewController.h */ = {isa = PBXFileReference; lastKnownFileType = sourcecode.c.h; path = ViewController.h; sourceTree = "<group>"; };
		9E6C67901D4FC89D00816C25 /* ViewController.m */ = {isa = PBXFileReference; lastKnownFileType = sourcecode.c.objc; path = ViewController.m; sourceTree = "<group>"; };
		9E6C67931D4FC89D00816C25 /* Base */ = {isa = PBXFileReference; lastKnownFileType = file.storyboard; name = Base; path = Base.lproj/Main.storyboard; sourceTree = "<group>"; };
		9E6C67951D4FC89D00816C25 /* Assets.xcassets */ = {isa = PBXFileReference; lastKnownFileType = folder.assetcatalog; path = Assets.xcassets; sourceTree = "<group>"; };
		9E6C67981D4FC89D00816C25 /* Base */ = {isa = PBXFileReference; lastKnownFileType = file.storyboard; name = Base; path = Base.lproj/LaunchScreen.storyboard; sourceTree = "<group>"; };
		9E6C679A1D4FC89D00816C25 /* Info.plist */ = {isa = PBXFileReference; lastKnownFileType = text.plist.xml; path = Info.plist; sourceTree = "<group>"; };
		9E6C67A21D4FCA5000816C25 /* soccerball.png */ = {isa = PBXFileReference; lastKnownFileType = image.png; path = soccerball.png; sourceTree = "<group>"; };
		9E6C67A41D50F6CA00816C25 /* Ball.h */ = {isa = PBXFileReference; fileEncoding = 4; lastKnownFileType = sourcecode.c.h; path = Ball.h; sourceTree = "<group>"; };
		9E6C67A51D50F6CA00816C25 /* Ball.m */ = {isa = PBXFileReference; fileEncoding = 4; lastKnownFileType = sourcecode.c.objc; path = Ball.m; sourceTree = "<group>"; };
/* End PBXFileReference section */

/* Begin PBXFrameworksBuildPhase section */
		9E6C67831D4FC89D00816C25 /* Frameworks */ = {
			isa = PBXFrameworksBuildPhase;
			buildActionMask = 2147483647;
			files = (
			);
			runOnlyForDeploymentPostprocessing = 0;
		};
/* End PBXFrameworksBuildPhase section */

/* Begin PBXGroup section */
		9E6C677D1D4FC89D00816C25 = {
			isa = PBXGroup;
			children = (
				9E6C67881D4FC89D00816C25 /* AnimationProject */,
				9E6C67871D4FC89D00816C25 /* Products */,
			);
			sourceTree = "<group>";
		};
		9E6C67871D4FC89D00816C25 /* Products */ = {
			isa = PBXGroup;
			children = (
				9E6C67861D4FC89D00816C25 /* AnimationProject.app */,
			);
			name = Products;
			sourceTree = "<group>";
		};
		9E6C67881D4FC89D00816C25 /* AnimationProject */ = {
			isa = PBXGroup;
			children = (
				9E6C678C1D4FC89D00816C25 /* AppDelegate.h */,
				9E6C678D1D4FC89D00816C25 /* AppDelegate.m */,
				9E6C678F1D4FC89D00816C25 /* ViewController.h */,
				9E6C67901D4FC89D00816C25 /* ViewController.m */,
				9E6C67A41D50F6CA00816C25 /* Ball.h */,
				9E6C67A51D50F6CA00816C25 /* Ball.m */,
				9E6C67921D4FC89D00816C25 /* Main.storyboard */,
				9E6C67951D4FC89D00816C25 /* Assets.xcassets */,
				9E6C67971D4FC89D00816C25 /* LaunchScreen.storyboard */,
				9E6C679A1D4FC89D00816C25 /* Info.plist */,
				9E6C67891D4FC89D00816C25 /* Supporting Files */,
			);
			path = AnimationProject;
			sourceTree = "<group>";
		};
		9E6C67891D4FC89D00816C25 /* Supporting Files */ = {
			isa = PBXGroup;
			children = (
				9E6C678A1D4FC89D00816C25 /* main.m */,
				9E6C67A21D4FCA5000816C25 /* soccerball.png */,
			);
			name = "Supporting Files";
			sourceTree = "<group>";
		};
/* End PBXGroup section */

/* Begin PBXNativeTarget section */
		9E6C67851D4FC89D00816C25 /* AnimationProject */ = {
			isa = PBXNativeTarget;
			buildConfigurationList = 9E6C679D1D4FC89D00816C25 /* Build configuration list for PBXNativeTarget "AnimationProject" */;
			buildPhases = (
				9E6C67821D4FC89D00816C25 /* Sources */,
				9E6C67831D4FC89D00816C25 /* Frameworks */,
				9E6C67841D4FC89D00816C25 /* Resources */,
			);
			buildRules = (
			);
			dependencies = (
			);
			name = AnimationProject;
			productName = AnimationProject;
			productReference = 9E6C67861D4FC89D00816C25 /* AnimationProject.app */;
			productType = "com.apple.product-type.application";
		};
/* End PBXNativeTarget section */

/* Begin PBXProject section */
		9E6C677E1D4FC89D00816C25 /* Project object */ = {
			isa = PBXProject;
			attributes = {
				LastUpgradeCheck = 0730;
				ORGANIZATIONNAME = sahlitude;
				TargetAttributes = {
					9E6C67851D4FC89D00816C25 = {
						CreatedOnToolsVersion = 7.3.1;
						DevelopmentTeam = LT6AMJQ3D6;
					};
				};
			};
			buildConfigurationList = 9E6C67811D4FC89D00816C25 /* Build configuration list for PBXProject "AnimationProject" */;
			compatibilityVersion = "Xcode 3.2";
			developmentRegion = English;
			hasScannedForEncodings = 0;
			knownRegions = (
				en,
				Base,
			);
			mainGroup = 9E6C677D1D4FC89D00816C25;
			productRefGroup = 9E6C67871D4FC89D00816C25 /* Products */;
			projectDirPath = "";
			projectRoot = "";
			targets = (
				9E6C67851D4FC89D00816C25 /* AnimationProject */,
			);
		};
/* End PBXProject section */

/* Begin PBXResourcesBuildPhase section */
		9E6C67841D4FC89D00816C25 /* Resources */ = {
			isa = PBXResourcesBuildPhase;
			buildActionMask = 2147483647;
			files = (
				9E6C67991D4FC89D00816C25 /* LaunchScreen.storyboard in Resources */,
				9E6C67961D4FC89D00816C25 /* Assets.xcassets in Resources */,
				9E6C67941D4FC89D00816C25 /* Main.storyboard in Resources */,
				9E6C67A31D4FCA5000816C25 /* soccerball.png in Resources */,
			);
			runOnlyForDeploymentPostprocessing = 0;
		};
/* End PBXResourcesBuildPhase section */

/* Begin PBXSourcesBuildPhase section */
		9E6C67821D4FC89D00816C25 /* Sources */ = {
			isa = PBXSourcesBuildPhase;
			buildActionMask = 2147483647;
			files = (
				9E6C67A61D50F6CA00816C25 /* Ball.m in Sources */,
				9E6C67911D4FC89D00816C25 /* ViewController.m in Sources */,
				9E6C678E1D4FC89D00816C25 /* AppDelegate.m in Sources */,
				9E6C678B1D4FC89D00816C25 /* main.m in Sources */,
			);
			runOnlyForDeploymentPostprocessing = 0;
		};
/* End PBXSourcesBuildPhase section */

/* Begin PBXVariantGroup section */
		9E6C67921D4FC89D00816C25 /* Main.storyboard */ = {
			isa = PBXVariantGroup;
			children = (
				9E6C67931D4FC89D00816C25 /* Base */,
			);
			name = Main.storyboard;
			sourceTree = "<group>";
		};
		9E6C67971D4FC89D00816C25 /* LaunchScreen.storyboard */ = {
			isa = PBXVariantGroup;
			children = (
				9E6C67981D4FC89D00816C25 /* Base */,
			);
			name = LaunchScreen.storyboard;
			sourceTree = "<group>";
		};
/* End PBXVariantGroup section */

/* Begin XCBuildConfiguration section */
		9E6C679B1D4FC89D00816C25 /* Debug */ = {
			isa = XCBuildConfiguration;
			buildSettings = {
				ALWAYS_SEARCH_USER_PATHS = NO;
				CLANG_ANALYZER_NONNULL = YES;
				CLANG_CXX_LANGUAGE_STANDARD = "gnu++0x";
				CLANG_CXX_LIBRARY = "libc++";
				CLANG_ENABLE_MODULES = YES;
				CLANG_ENABLE_OBJC_ARC = YES;
				CLANG_WARN_BOOL_CONVERSION = YES;
				CLANG_WARN_CONSTANT_CONVERSION = YES;
				CLANG_WARN_DIRECT_OBJC_ISA_USAGE = YES_ERROR;
				CLANG_WARN_EMPTY_BODY = YES;
				CLANG_WARN_ENUM_CONVERSION = YES;
				CLANG_WARN_INT_CONVERSION = YES;
				CLANG_WARN_OBJC_ROOT_CLASS = YES_ERROR;
				CLANG_WARN_UNREACHABLE_CODE = YES;
				CLANG_WARN__DUPLICATE_METHOD_MATCH = YES;
				"CODE_SIGN_IDENTITY[sdk=iphoneos*]" = "iPhone Developer";
				COPY_PHASE_STRIP = NO;
				DEBUG_INFORMATION_FORMAT = dwarf;
				ENABLE_STRICT_OBJC_MSGSEND = YES;
				ENABLE_TESTABILITY = YES;
				GCC_C_LANGUAGE_STANDARD = gnu99;
				GCC_DYNAMIC_NO_PIC = NO;
				GCC_NO_COMMON_BLOCKS = YES;
				GCC_OPTIMIZATION_LEVEL = 0;
				GCC_PREPROCESSOR_DEFINITIONS = (
					"DEBUG=1",
					"$(inherited)",
				);
				GCC_WARN_64_TO_32_BIT_CONVERSION = YES;
				GCC_WARN_ABOUT_RETURN_TYPE = YES_ERROR;
				GCC_WARN_UNDECLARED_SELECTOR = YES;
				GCC_WARN_UNINITIALIZED_AUTOS = YES_AGGRESSIVE;
				GCC_WARN_UNUSED_FUNCTION = YES;
				GCC_WARN_UNUSED_VARIABLE = YES;
				IPHONEOS_DEPLOYMENT_TARGET = 9.3;
				MTL_ENABLE_DEBUG_INFO = YES;
				ONLY_ACTIVE_ARCH = YES;
				SDKROOT = iphoneos;
				TARGETED_DEVICE_FAMILY = "1,2";
			};
			name = Debug;
		};
		9E6C679C1D4FC89D00816C25 /* Release */ = {
			isa = XCBuildConfiguration;
			buildSettings = {
				ALWAYS_SEARCH_USER_PATHS = NO;
				CLANG_ANALYZER_NONNULL = YES;
				CLANG_CXX_LANGUAGE_STANDARD = "gnu++0x";
				CLANG_CXX_LIBRARY = "libc++";
				CLANG_ENABLE_MODULES = YES;
				CLANG_ENABLE_OBJC_ARC = YES;
				CLANG_WARN_BOOL_CONVERSION = YES;
				CLANG_WARN_CONSTANT_CONVERSION = YES;
				CLANG_WARN_DIRECT_OBJC_ISA_USAGE = YES_ERROR;
				CLANG_WARN_EMPTY_BODY = YES;
				CLANG_WARN_ENUM_CONVERSION = YES;
				CLANG_WARN_INT_CONVERSION = YES;
				CLANG_WARN_OBJC_ROOT_CLASS = YES_ERROR;
				CLANG_WARN_UNREACHABLE_CODE = YES;
				CLANG_WARN__DUPLICATE_METHOD_MATCH = YES;
				"CODE_SIGN_IDENTITY[sdk=iphoneos*]" = "iPhone Developer";
				COPY_PHASE_STRIP = NO;
				DEBUG_INFORMATION_FORMAT = "dwarf-with-dsym";
				ENABLE_NS_ASSERTIONS = NO;
				ENABLE_STRICT_OBJC_MSGSEND = YES;
				GCC_C_LANGUAGE_STANDARD = gnu99;
				GCC_NO_COMMON_BLOCKS = YES;
				GCC_WARN_64_TO_32_BIT_CONVERSION = YES;
				GCC_WARN_ABOUT_RETURN_TYPE = YES_ERROR;
				GCC_WARN_UNDECLARED_SELECTOR = YES;
				GCC_WARN_UNINITIALIZED_AUTOS = YES_AGGRESSIVE;
				GCC_WARN_UNUSED_FUNCTION = YES;
				GCC_WARN_UNUSED_VARIABLE = YES;
				IPHONEOS_DEPLOYMENT_TARGET = 9.3;
				MTL_ENABLE_DEBUG_INFO = NO;
				SDKROOT = iphoneos;
				TARGETED_DEVICE_FAMILY = "1,2";
				VALIDATE_PRODUCT = YES;
			};
			name = Release;
		};
		9E6C679E1D4FC89D00816C25 /* Debug */ = {
			isa = XCBuildConfiguration;
			buildSettings = {
				ASSETCATALOG_COMPILER_APPICON_NAME = AppIcon;
				INFOPLIST_FILE = AnimationProject/Info.plist;
				LD_RUNPATH_SEARCH_PATHS = "$(inherited) @executable_path/Frameworks";
				PRODUCT_BUNDLE_IDENTIFIER = com.sahlitude.AnimationProject;
				PRODUCT_NAME = "$(TARGET_NAME)";
			};
			name = Debug;
		};
		9E6C679F1D4FC89D00816C25 /* Release */ = {
			isa = XCBuildConfiguration;
			buildSettings = {
				ASSETCATALOG_COMPILER_APPICON_NAME = AppIcon;
				INFOPLIST_FILE = AnimationProject/Info.plist;
				LD_RUNPATH_SEARCH_PATHS = "$(inherited) @executable_path/Frameworks";
				PRODUCT_BUNDLE_IDENTIFIER = com.sahlitude.AnimationProject;
				PRODUCT_NAME = "$(TARGET_NAME)";
			};
			name = Release;
		};
/* End XCBuildConfiguration section */

/* Begin XCConfigurationList section */
		9E6C67811D4FC89D00816C25 /* Build configuration list for PBXProject "AnimationProject" */ = {
			isa = XCConfigurationList;
			buildConfigurations = (
				9E6C679B1D4FC89D00816C25 /* Debug */,
				9E6C679C1D4FC89D00816C25 /* Release */,
			);
			defaultConfigurationIsVisible = 0;
			defaultConfigurationName = Release;
		};
		9E6C679D1D4FC89D00816C25 /* Build configuration list for PBXNativeTarget "AnimationProject" */ = {
			isa = XCConfigurationList;
			buildConfigurations = (
				9E6C679E1D4FC89D00816C25 /* Debug */,
				9E6C679F1D4FC89D00816C25 /* Release */,
			);
			defaultConfigurationIsVisible = 0;
		};
/* End XCConfigurationList section */
	};
	rootObject = 9E6C677E1D4FC89D00816C25 /* Project object */;
}
